
Microsoft Visual Studio Solution File, Format Version 12.00
# Visual Studio 14
VisualStudioVersion = 14.0.25420.1
MinimumVisualStudioVersion = 10.0.40219.1
Project("{FAE04EC0-301F-11D3-BF4B-00C04F79EFBC}") = "QuanLyBanHangMyPham", "QuanLyBanHangMyPham\QuanLyBanHangMyPham.csproj", "{0E5671B5-737E-48A0-8FBA-CC3AB0CBBE56}"
EndProject
Project("{FAE04EC0-301F-11D3-BF4B-00C04F79EFBC}") = "BLL", "BLL\BLL.csproj", "{D5275DBC-53FA-4716-9257-10EA43EF1B29}"
EndProject
Project("{FAE04EC0-301F-11D3-BF4B-00C04F79EFBC}") = "DTO", "DTO\DTO.csproj", "{BF4B385A-B6CA-4F87-B3FF-DBF2DE17D67E}"
EndProject
Project("{FAE04EC0-301F-11D3-BF4B-00C04F79EFBC}") = "DAL", "DAL\DAL.csproj", "{42895EF3-E1EE-43B9-80CB-4A6F8E2382B9}"
EndProject
Project("{6141683F-8A12-4E36-9623-2EB02B2C2303}") = "Setup1", "Setup1\Setup1.isproj", "{F97E0CCE-6057-4716-B412-14F244B9CDEB}"
	ProjectSection(ProjectDependencies) = postProject
		{BF4B385A-B6CA-4F87-B3FF-DBF2DE17D67E} = {BF4B385A-B6CA-4F87-B3FF-DBF2DE17D67E}
		{0E5671B5-737E-48A0-8FBA-CC3AB0CBBE56} = {0E5671B5-737E-48A0-8FBA-CC3AB0CBBE56}
		{D5275DBC-53FA-4716-9257-10EA43EF1B29} = {D5275DBC-53FA-4716-9257-10EA43EF1B29}
		{42895EF3-E1EE-43B9-80CB-4A6F8E2382B9} = {42895EF3-E1EE-43B9-80CB-4A6F8E2382B9}
	EndProjectSection
EndProject
Global
	GlobalSection(SolutionConfigurationPlatforms) = preSolution
		CD_ROM|Any CPU = CD_ROM|Any CPU
		Debug|Any CPU = Debug|Any CPU
		DVD-5|Any CPU = DVD-5|Any CPU
		Release|Any CPU = Release|Any CPU
		SingleImage|Any CPU = SingleImage|Any CPU
	EndGlobalSection
	GlobalSection(ProjectConfigurationPlatforms) = postSolution
		{0E5671B5-737E-48A0-8FBA-CC3AB0CBBE56}.CD_ROM|Any CPU.ActiveCfg = Release|Any CPU
		{0E5671B5-737E-48A0-8FBA-CC3AB0CBBE56}.CD_ROM|Any CPU.Build.0 = Release|Any CPU
		{0E5671B5-737E-48A0-8FBA-CC3AB0CBBE56}.Debug|Any CPU.ActiveCfg = Debug|Any CPU
		{0E5671B5-737E-48A0-8FBA-CC3AB0CBBE56}.Debug|Any CPU.Build.0 = Debug|Any CPU
		{0E5671B5-737E-48A0-8FBA-CC3AB0CBBE56}.DVD-5|Any CPU.ActiveCfg = Debug|Any CPU
		{0E5671B5-737E-48A0-8FBA-CC3AB0CBBE56}.DVD-5|Any CPU.Build.0 = Debug|Any CPU
		{0E5671B5-737E-48A0-8FBA-CC3AB0CBBE56}.Release|Any CPU.ActiveCfg = Release|Any CPU
		{0E5671B5-737E-48A0-8FBA-CC3AB0CBBE56}.Release|Any CPU.Build.0 = Release|Any CPU
		{0E5671B5-737E-48A0-8FBA-CC3AB0CBBE56}.SingleImage|Any CPU.ActiveCfg = Release|Any CPU
		{0E5671B5-737E-48A0-8FBA-CC3AB0CBBE56}.SingleImage|Any CPU.Build.0 = Release|Any CPU
		{D5275DBC-53FA-4716-9257-10EA43EF1B29}.CD_ROM|Any CPU.ActiveCfg = Release|Any CPU
		{D5275DBC-53FA-4716-9257-10EA43EF1B29}.CD_ROM|Any CPU.Build.0 = Release|Any CPU
		{D5275DBC-53FA-4716-9257-10EA43EF1B29}.Debug|Any CPU.ActiveCfg = Debug|Any CPU
		{D5275DBC-53FA-4716-9257-10EA43EF1B29}.Debug|Any CPU.Build.0 = Debug|Any CPU
		{D5275DBC-53FA-4716-9257-10EA43EF1B29}.DVD-5|Any CPU.ActiveCfg = Debug|Any CPU
		{D5275DBC-53FA-4716-9257-10EA43EF1B29}.DVD-5|Any CPU.Build.0 = Debug|Any CPU
		{D5275DBC-53FA-4716-9257-10EA43EF1B29}.Release|Any CPU.ActiveCfg = Release|Any CPU
		{D5275DBC-53FA-4716-9257-10EA43EF1B29}.Release|Any CPU.Build.0 = Release|Any CPU
		{D5275DBC-53FA-4716-9257-10EA43EF1B29}.SingleImage|Any CPU.ActiveCfg = Release|Any CPU
		{D5275DBC-53FA-4716-9257-10EA43EF1B29}.SingleImage|Any CPU.Build.0 = Release|Any CPU
		{BF4B385A-B6CA-4F87-B3FF-DBF2DE17D67E}.CD_ROM|Any CPU.ActiveCfg = Release|Any CPU
		{BF4B385A-B6CA-4F87-B3FF-DBF2DE17D67E}.CD_ROM|Any CPU.Build.0 = Release|Any CPU
		{BF4B385A-B6CA-4F87-B3FF-DBF2DE17D67E}.Debug|Any CPU.ActiveCfg = Debug|Any CPU
		{BF4B385A-B6CA-4F87-B3FF-DBF2DE17D67E}.Debug|Any CPU.Build.0 = Debug|Any CPU
		{BF4B385A-B6CA-4F87-B3FF-DBF2DE17D67E}.DVD-5|Any CPU.ActiveCfg = Debug|Any CPU
		{BF4B385A-B6CA-4F87-B3FF-DBF2DE17D67E}.DVD-5|Any CPU.Build.0 = Debug|Any CPU
		{BF4B385A-B6CA-4F87-B3FF-DBF2DE17D67E}.Release|Any CPU.ActiveCfg = Release|Any CPU
		{BF4B385A-B6CA-4F87-B3FF-DBF2DE17D67E}.Release|Any CPU.Build.0 = Release|Any CPU
		{BF4B385A-B6CA-4F87-B3FF-DBF2DE17D67E}.SingleImage|Any CPU.ActiveCfg = Release|Any CPU
		{BF4B385A-B6CA-4F87-B3FF-DBF2DE17D67E}.SingleImage|Any CPU.Build.0 = Release|Any CPU
		{42895EF3-E1EE-43B9-80CB-4A6F8E2382B9}.CD_ROM|Any CPU.ActiveCfg = Release|Any CPU
		{42895EF3-E1EE-43B9-80CB-4A6F8E2382B9}.CD_ROM|Any CPU.Build.0 = Release|Any CPU
		{42895EF3-E1EE-43B9-80CB-4A6F8E2382B9}.Debug|Any CPU.ActiveCfg = Debug|Any CPU
		{42895EF3-E1EE-43B9-80CB-4A6F8E2382B9}.Debug|Any CPU.Build.0 = Debug|Any CPU
		{42895EF3-E1EE-43B9-80CB-4A6F8E2382B9}.DVD-5|Any CPU.ActiveCfg = Debug|Any CPU
		{42895EF3-E1EE-43B9-80CB-4A6F8E2382B9}.DVD-5|Any CPU.Build.0 = Debug|Any CPU
		{42895EF3-E1EE-43B9-80CB-4A6F8E2382B9}.Release|Any CPU.ActiveCfg = Release|Any CPU
		{42895EF3-E1EE-43B9-80CB-4A6F8E2382B9}.Release|Any CPU.Build.0 = Release|Any CPU
		{42895EF3-E1EE-43B9-80CB-4A6F8E2382B9}.SingleImage|Any CPU.ActiveCfg = Release|Any CPU
		{42895EF3-E1EE-43B9-80CB-4A6F8E2382B9}.SingleImage|Any CPU.Build.0 = Release|Any CPU
		{F97E0CCE-6057-4716-B412-14F244B9CDEB}.CD_ROM|Any CPU.ActiveCfg = CD_ROM
		{F97E0CCE-6057-4716-B412-14F244B9CDEB}.CD_ROM|Any CPU.Build.0 = CD_ROM
		{F97E0CCE-6057-4716-B412-14F244B9CDEB}.Debug|Any CPU.ActiveCfg = SingleImage
		{F97E0CCE-6057-4716-B412-14F244B9CDEB}.Debug|Any CPU.Build.0 = SingleImage
		{F97E0CCE-6057-4716-B412-14F244B9CDEB}.DVD-5|Any CPU.ActiveCfg = DVD-5
		{F97E0CCE-6057-4716-B412-14F244B9CDEB}.DVD-5|Any CPU.Build.0 = DVD-5
		{F97E0CCE-6057-4716-B412-14F244B9CDEB}.Release|Any CPU.ActiveCfg = SingleImage
		{F97E0CCE-6057-4716-B412-14F244B9CDEB}.Release|Any CPU.Build.0 = SingleImage
		{F97E0CCE-6057-4716-B412-14F244B9CDEB}.SingleImage|Any CPU.ActiveCfg = SingleImage
		{F97E0CCE-6057-4716-B412-14F244B9CDEB}.SingleImage|Any CPU.Build.0 = SingleImage
	EndGlobalSection
	GlobalSection(SolutionProperties) = preSolution
		HideSolutionNode = FALSE
	EndGlobalSection
EndGlobal
